{
  "version": "2",
  "remote": {
    "https://deno.land/std@0.170.0/_util/asserts.ts": "d0844e9b62510f89ce1f9878b046f6a57bf88f208a10304aab50efcb48365272",
    "https://deno.land/std@0.170.0/_util/os.ts": "8a33345f74990e627b9dfe2de9b040004b08ea5146c7c9e8fe9a29070d193934",
    "https://deno.land/std@0.170.0/async/abortable.ts": "80b2ac399f142cc528f95a037a7d0e653296352d95c681e284533765961de409",
    "https://deno.land/std@0.170.0/async/deadline.ts": "2c2deb53c7c28ca1dda7a3ad81e70508b1ebc25db52559de6b8636c9278fd41f",
    "https://deno.land/std@0.170.0/async/debounce.ts": "60301ffb37e730cd2d6f9dadfd0ecb2a38857681bd7aaf6b0a106b06e5210a98",
    "https://deno.land/std@0.170.0/async/deferred.ts": "77d3f84255c3627f1cc88699d8472b664d7635990d5358c4351623e098e917d6",
    "https://deno.land/std@0.170.0/async/delay.ts": "5a9bfba8de38840308a7a33786a0155a7f6c1f7a859558ddcec5fe06e16daf57",
    "https://deno.land/std@0.170.0/async/mod.ts": "7809ad4bb223e40f5fdc043e5c7ca04e0e25eed35c32c3c32e28697c553fa6d9",
    "https://deno.land/std@0.170.0/async/mux_async_iterator.ts": "770a0ff26c59f8bbbda6b703a2235f04e379f73238e8d66a087edc68c2a2c35f",
    "https://deno.land/std@0.170.0/async/pool.ts": "6854d8cd675a74c73391c82005cbbe4cc58183bddcd1fbbd7c2bcda42b61cf69",
    "https://deno.land/std@0.170.0/async/retry.ts": "e8e5173623915bbc0ddc537698fa418cf875456c347eda1ed453528645b42e67",
    "https://deno.land/std@0.170.0/async/tee.ts": "3a47cc4e9a940904fd4341f0224907e199121c80b831faa5ec2b054c6d2eff5e",
    "https://deno.land/std@0.170.0/bytes/index_of_needle.ts": "19db73583cf6e038ca7763dd9fe9b9f2733ffa8be530d7b42f52bc9f3c2ee989",
    "https://deno.land/std@0.170.0/collections/_utils.ts": "fd759867be7a0047a1fa89ec89f7b58ebe3f2f7f089a8f4e416eb30c5d764868",
    "https://deno.land/std@0.170.0/collections/deep_merge.ts": "0303cca7697646c5464ecb3337d494602056babae4f09baf6619f1043ba7eb6d",
    "https://deno.land/std@0.170.0/crypto/_fnv/fnv32.ts": "aa9bddead8c6345087d3abd4ef35fb9655622afc333fc41fff382b36e64280b5",
    "https://deno.land/std@0.170.0/crypto/_fnv/fnv64.ts": "625d7e7505b6cb2e9801b5fd6ed0a89256bac12b2bbb3e4664b85a88b0ec5bef",
    "https://deno.land/std@0.170.0/crypto/_fnv/index.ts": "a8f6a361b4c6d54e5e89c16098f99b6962a1dd6ad1307dbc97fa1ecac5d7060a",
    "https://deno.land/std@0.170.0/crypto/_fnv/util.ts": "4848313bed7f00f55be3cb080aa0583fc007812ba965b03e4009665bde614ce3",
    "https://deno.land/std@0.170.0/crypto/_util.ts": "4a8cb74e7273d2400aa6da582ec58078cf8d54bc66530592048cbd7cc4152621",
    "https://deno.land/std@0.170.0/crypto/_wasm/lib/deno_std_wasm_crypto.generated.mjs": "71c1ac20f32fdbdc9b31a14917779c7fa392dbc8b050059cbb2c35b400b975b1",
    "https://deno.land/std@0.170.0/crypto/_wasm/mod.ts": "b49ec171049bbbaaed3c5a5a71dfcb3d09f880607c8d9c517638d0443bd0f874",
    "https://deno.land/std@0.170.0/crypto/keystack.ts": "ee8ee58ca876f619cef56f40127405f77f9738f50a459b6ba44234b3a2cb6cc8",
    "https://deno.land/std@0.170.0/crypto/mod.ts": "f953406904aa4257a6c76c40eb74b47d8dad83af8a77f33a4639cbac6d311baf",
    "https://deno.land/std@0.170.0/crypto/timing_safe_equal.ts": "3784958e40a5fe10429a68b75cc5f8d34356bf0bc2eb93c80c3033e2a6f17821",
    "https://deno.land/std@0.170.0/crypto/util.ts": "93fc9dbaa62421538ad60ee65337cbf1d8a0298fac3c4f70b37e5627e7e129eb",
    "https://deno.land/std@0.170.0/encoding/base64.ts": "8605e018e49211efc767686f6f687827d7f5fd5217163e981d8d693105640d7a",
    "https://deno.land/std@0.170.0/encoding/base64url.ts": "0283b12fcd306c11e3cf26fc022fecc800c6acc19704ea8bdb3908898fcd06d6",
    "https://deno.land/std@0.170.0/encoding/hex.ts": "b51e99b684486a3ad2406807a8be953f5ef8bac95af202774a759f9fcf0d87a6",
    "https://deno.land/std@0.170.0/flags/mod.ts": "4f50ec6383c02684db35de38b3ffb2cd5b9fcfcc0b1147055d1980c49e82521c",
    "https://deno.land/std@0.170.0/fmt/colors.ts": "03ad95e543d2808bc43c17a3dd29d25b43d0f16287fe562a0be89bf632454a12",
    "https://deno.land/std@0.170.0/http/file_server.ts": "c26eee517f9fe8a398556f3ba9a65accfa9a85af37e583ae537a4d5126a51dd7",
    "https://deno.land/std@0.170.0/http/http_status.ts": "ed24048cc0d06066c944da59b0301da3ae2f990564bb4ad79bb52a09cf8e9b30",
    "https://deno.land/std@0.170.0/http/server.ts": "1b93c76cd415d7b6ad0ae36c17ccb9149b23f4dff018f7d5aa1ab5c36637eb45",
    "https://deno.land/std@0.170.0/http/util.ts": "759a2b57b44b722d2033d0dfe077f7e9a257f431db6d0319b78dcfebed0adb1e",
    "https://deno.land/std@0.170.0/media_types/_db.ts": "981fb4a1ad1dad6bc896208e9d01929bea31b875b9a400ad145a5e802996b3ea",
    "https://deno.land/std@0.170.0/media_types/_util.ts": "839abd68a8c67f89e3fd8900b89b8d4725368b488f72f067fcf8051e77e3a38d",
    "https://deno.land/std@0.170.0/media_types/content_type.ts": "ecf5e4965195b7c19a0de7b251ae920cfb40897205c5529d829d357bf2218900",
    "https://deno.land/std@0.170.0/media_types/format_media_type.ts": "e5f906e7b0509d47c81b3533ebb96783e57683cc0fcb03ea4e3420c641a80538",
    "https://deno.land/std@0.170.0/media_types/get_charset.ts": "74aee42562808172c3ce2892a7e668f537bf565f2deebd2655a7d5c5b2779857",
    "https://deno.land/std@0.170.0/media_types/parse_media_type.ts": "f40f0b98e7e6883bc2ea0f83482c48e2583a2a9785426dfc665f494f0ca3f17b",
    "https://deno.land/std@0.170.0/media_types/type_by_extension.ts": "5bd760bb9518ba0cf4e40cc5b9d04dc84b0c562d9b04ac2cbd4050a4b47c9a6d",
    "https://deno.land/std@0.170.0/media_types/vendor/mime-db.v1.52.0.ts": "724cee25fa40f1a52d3937d6b4fbbfdd7791ff55e1b7ac08d9319d5632c7f5af",
    "https://deno.land/std@0.170.0/node/_core.ts": "92e000441742387f7ded7cc582ca4089c0bc13aa5f00cecdfa4876dc832dfd10",
    "https://deno.land/std@0.170.0/node/_utils.ts": "1085a229e910b3a6672f3c3be05507591811dc67be2ae2188e9fc9ef4376b172",
    "https://deno.land/std@0.170.0/node/buffer.ts": "43f07b2d1523345bf35b7deb7fcdad6e916020a631a7bc1b5efcaff556db4e1d",
    "https://deno.land/std@0.170.0/node/internal/buffer.d.ts": "90f674081428a61978b6d481c5f557ff743a3f4a85d7ae113caab48fdf5b8a63",
    "https://deno.land/std@0.170.0/node/internal/buffer.mjs": "50320a6bcf770f03428e77e5ba46b19f69842539c6493b89c6515ba1b0def6ee",
    "https://deno.land/std@0.170.0/node/internal/crypto/_keys.ts": "63229ff3d8d15b5bd0a1d2ebc19313cbb8ac969875bf16df1ce4f2b497d74fb5",
    "https://deno.land/std@0.170.0/node/internal/crypto/constants.ts": "d2c8821977aef55e4d66414d623c24a2447791a8b49b6404b8db32d81e20c315",
    "https://deno.land/std@0.170.0/node/internal/error_codes.ts": "ac03c4eae33de3a69d6c98e8678003207eecf75a6900eb847e3fea3c8c9e6d8f",
    "https://deno.land/std@0.170.0/node/internal/errors.ts": "b9aec7d1fe3eaf21322d0ea9dc2fcb344055d6b0c7a1bd0f62a0c379a5baa799",
    "https://deno.land/std@0.170.0/node/internal/hide_stack_frames.ts": "a91962ec84610bc7ec86022c4593cdf688156a5910c07b5bcd71994225c13a03",
    "https://deno.land/std@0.170.0/node/internal/normalize_encoding.mjs": "3779ec8a7adf5d963b0224f9b85d1bc974a2ec2db0e858396b5d3c2c92138a0a",
    "https://deno.land/std@0.170.0/node/internal/primordials.mjs": "7cf5afe471583e4a384eeea109bdff276b6b7f3a3af830f99f951fb7d57ef423",
    "https://deno.land/std@0.170.0/node/internal/util.mjs": "35d24fb775468cd24443bcf0ec68904b8aa44e5b53845491a5e3382421917f9a",
    "https://deno.land/std@0.170.0/node/internal/util/inspect.mjs": "1ddace0c97719d2cc0869ba177d375e96051301352ec235cbfb2ecbfcd4e8fba",
    "https://deno.land/std@0.170.0/node/internal/util/types.ts": "5b15a8051a6e58b6c1a424e0e7137b77b0ef60409d54d05db22a97e0d1d5b589",
    "https://deno.land/std@0.170.0/node/internal/validators.mjs": "67deae0f488d013c8bf485742a5478112b8e48837cb2458c4a8b2669cf7017db",
    "https://deno.land/std@0.170.0/node/internal_binding/_libuv_winerror.ts": "801e05c2742ae6cd42a5f0fd555a255a7308a65732551e962e5345f55eedc519",
    "https://deno.land/std@0.170.0/node/internal_binding/_node.ts": "e4075ba8a37aef4eb5b592c8e3807c39cb49ca8653faf8e01a43421938076c1b",
    "https://deno.land/std@0.170.0/node/internal_binding/_utils.ts": "1c50883b5751a9ea1b38951e62ed63bacfdc9d69ea665292edfa28e1b1c5bd94",
    "https://deno.land/std@0.170.0/node/internal_binding/_winerror.ts": "8811d4be66f918c165370b619259c1f35e8c3e458b8539db64c704fbde0a7cd2",
    "https://deno.land/std@0.170.0/node/internal_binding/buffer.ts": "dfba9e1a50b637cfd72e569aa11959dcaf626b898ab7e851d21526a2bdaec588",
    "https://deno.land/std@0.170.0/node/internal_binding/constants.ts": "1ad4de9f76733320527c8bc841b5e4dd5869424924384157a72f3b171bd05b08",
    "https://deno.land/std@0.170.0/node/internal_binding/string_decoder.ts": "5cb1863763d1e9b458bc21d6f976f16d9c18b3b3f57eaf0ade120aee38fba227",
    "https://deno.land/std@0.170.0/node/internal_binding/types.ts": "69000b1b92e0ca999c737f5add38827742b3ca3fe37a2389c80290de0ae6ef01",
    "https://deno.land/std@0.170.0/node/internal_binding/util.ts": "faf5146c3cc3b2d6c26026a818b4a16e91488ab26e63c069f36ba3c3ae24c97b",
    "https://deno.land/std@0.170.0/node/internal_binding/uv.ts": "27922aaec43de314afd99dfca1ce8f4d51ced9f5195e4917b54d387766404f61",
    "https://deno.land/std@0.170.0/path/_constants.ts": "df1db3ffa6dd6d1252cc9617e5d72165cd2483df90e93833e13580687b6083c3",
    "https://deno.land/std@0.170.0/path/_interface.ts": "ee3b431a336b80cf445441109d089b70d87d5e248f4f90ff906820889ecf8d09",
    "https://deno.land/std@0.170.0/path/_util.ts": "d16be2a16e1204b65f9d0dfc54a9bc472cafe5f4a190b3c8471ec2016ccd1677",
    "https://deno.land/std@0.170.0/path/common.ts": "bee563630abd2d97f99d83c96c2fa0cca7cee103e8cb4e7699ec4d5db7bd2633",
    "https://deno.land/std@0.170.0/path/glob.ts": "81cc6c72be002cd546c7a22d1f263f82f63f37fe0035d9726aa96fc8f6e4afa1",
    "https://deno.land/std@0.170.0/path/mod.ts": "cf7cec7ac11b7048bb66af8ae03513e66595c279c65cfa12bfc07d9599608b78",
    "https://deno.land/std@0.170.0/path/posix.ts": "b859684bc4d80edfd4cad0a82371b50c716330bed51143d6dcdbe59e6278b30c",
    "https://deno.land/std@0.170.0/path/separator.ts": "fe1816cb765a8068afb3e8f13ad272351c85cbc739af56dacfc7d93d710fe0f9",
    "https://deno.land/std@0.170.0/path/win32.ts": "7cebd2bda6657371adc00061a1d23fdd87bcdf64b4843bb148b0b24c11b40f69",
    "https://deno.land/std@0.170.0/version.ts": "eb6935c9beaac221b235d011ba5b127ceb5d3addf329cc01e05806af07ba93e1",
    "https://deno.land/x/denoflate@1.2.1/mod.ts": "f5628e44b80b3d80ed525afa2ba0f12408e3849db817d47a883b801f9ce69dd6",
    "https://deno.land/x/denoflate@1.2.1/pkg/denoflate.js": "b9f9ad9457d3f12f28b1fb35c555f57443427f74decb403113d67364e4f2caf4",
    "https://deno.land/x/denoflate@1.2.1/pkg/denoflate_bg.wasm.js": "d581956245407a2115a3d7e8d85a9641c032940a8e810acbd59ca86afd34d44d",
    "https://deno.land/x/esbuild@v0.16.10/mod.d.ts": "512cc3135020e8b8ff9e291cb545c4a65e5e6cede6aa9182310eb7abbad8f8e7",
    "https://deno.land/x/esbuild@v0.16.10/mod.js": "2f5fff339b2971e114ee72ef8b97d34c9fdc21d6254dc194635ed2e2be090a2e",
    "https://deno.land/x/importmap@0.2.1/_util.ts": "ada9a9618b537e6c0316c048a898352396c882b9f2de38aba18fd3f2950ede89",
    "https://deno.land/x/importmap@0.2.1/mod.ts": "ae3d1cd7eabd18c01a4960d57db471126b020f23b37ef14e1359bbb949227ade",
    "https://esm.sh/@ampproject/remapping@2.2.0": "60183f2617def677bf9ea8b614110c2a6860640a71853a711c1fa62b027934fa",
    "https://esm.sh/@hattip/compose@0.0.24": "31ca954dda00aa2dc50fb6c09e49cc75135300d3705b5a270038fd3df9a1f462",
    "https://esm.sh/@hattip/core@0.0.24/index.d.ts": "679a20f3b6cefb3b277303b6a1260b18fad71101a1328ec3d9b5b828a03950d8",
    "https://esm.sh/@types/estree@1.0.0/index.d.ts": "946bd1737d9412395a8f24414c70f18660b84a75a12b0b448e6eb1a2161d06dd",
    "https://esm.sh/acorn-import-assertions@1.8.0": "8e6c0ea5697c8d978fe208acc88e2903e90187f8f1b2fc26abc7f8b6e366fbba",
    "https://esm.sh/acorn@8.8.1": "4a542684a319dde17e0fab7b12df7408947b02d34c0354e09f5bbaac2021e4f7",
    "https://esm.sh/estree-walker@3.0.1": "0683b2964c25a83b76f969007fb8b167ea09c9807551c0eaeb75c6c6d5fcbaab",
    "https://esm.sh/magic-string@0.27.0": "75766a5b9e8d5515b6b3c4859dd28701f75a0ab6c9dff5aa7906c3b5df9ea9d0",
    "https://esm.sh/periscopic@3.0.4": "cb04b9643055aec06707c37dd05decdce9c7b7d02caf0721a7dfc24686d06c74",
    "https://esm.sh/v100/@ampproject/remapping@2.2.0/deno/remapping.js": "01e172a2c543acbf995ea66fb73217b64bde6667db80b3b90ab6cf10589c343d",
    "https://esm.sh/v100/@ampproject/remapping@2.2.0/dist/types/remapping.d.ts": "373b05a15039b4407518bab4a7ae087d664ee7951fda42d03c9d6780566f611e",
    "https://esm.sh/v100/@ampproject/remapping@2.2.0/dist/types/source-map.d.ts": "69bb161f7c8e64fe96af4994171a878bd92400b22a17555aba0f71f31510c05e",
    "https://esm.sh/v100/@ampproject/remapping@2.2.0/dist/types/types.d.ts": "8f7e9fe00fd2944f39202c3b91894197d238c0a9009d813ee3562323544be63b",
    "https://esm.sh/v100/@hattip/compose@0.0.24/deno/compose.js": "aba2665c0efc9f4efc67c54a986aa3ed5329dfc6717c53d75d62aede6f3c3074",
    "https://esm.sh/v100/@hattip/compose@0.0.24/dist/index.d.ts": "a610b5d475b80178b119b29574172f5c6df374aa5d52d917a9a6eff53b297e99",
    "https://esm.sh/v100/@hattip/core@0.0.24/index.d.ts": "679a20f3b6cefb3b277303b6a1260b18fad71101a1328ec3d9b5b828a03950d8",
    "https://esm.sh/v100/@jridgewell/gen-mapping@0.1.1/deno/gen-mapping.js": "db14eb1dbe6f6d998af00f7beee5761ecf7db9838c1bef29fce12e0ae9aaa843",
    "https://esm.sh/v100/@jridgewell/gen-mapping@0.1.1/dist/types/gen-mapping.d.ts": "42406b66dda7a465a68f6d482fef3548407908e13c56895107ec2c7613d66bce",
    "https://esm.sh/v100/@jridgewell/gen-mapping@0.1.1/dist/types/sourcemap-segment.d.ts": "cadb68b67b80b14a9a5bb64cce3093168fb2bfe2c7b10096d230df5203218de1",
    "https://esm.sh/v100/@jridgewell/gen-mapping@0.1.1/dist/types/types.d.ts": "d762b13eace6f03d49d696abadd9a284915b8d219d0a4abbdde64f43f730931c",
    "https://esm.sh/v100/@jridgewell/resolve-uri@3.1.0/deno/resolve-uri.js": "532be46eb58021c43ac0b7648bbb6b010aa37fbb79d14267b4c5833df63379a3",
    "https://esm.sh/v100/@jridgewell/set-array@1.1.2/deno/set-array.js": "6209cc2b94c3abd764bf7e0c58d2de5a82f743b53af9c14d42481ff6a9742538",
    "https://esm.sh/v100/@jridgewell/sourcemap-codec@1.4.14/deno/sourcemap-codec.js": "b9882cb41ac950ea9988fccd04c220e490144b9634e69e0eaf8fb031faef101b",
    "https://esm.sh/v100/@jridgewell/trace-mapping@0.3.17/deno/trace-mapping.js": "31dd34f1348d84e101a0fe1017da7eb134088af976df9e44ba97bd34d772d307",
    "https://esm.sh/v100/@jridgewell/trace-mapping@0.3.17/dist/types/any-map.d.ts": "0a71b92c859d24badce9edb078318cf044deeb7023cfd034b5cd655019cc1edb",
    "https://esm.sh/v100/@jridgewell/trace-mapping@0.3.17/dist/types/sourcemap-segment.d.ts": "d66d26abde4bfe9049630ba8ce3912396d6654eb68869090e1207476ac5752c4",
    "https://esm.sh/v100/@jridgewell/trace-mapping@0.3.17/dist/types/trace-mapping.d.ts": "993a8b636ba51e9052b28812e1b5a855f09b95385b1e72c2d58d5c428b8efba4",
    "https://esm.sh/v100/@jridgewell/trace-mapping@0.3.17/dist/types/types.d.ts": "a75d253fafc30cb7b325ee8bf6feebfda494294cf609c9b158be17ae3fc0300c",
    "https://esm.sh/v100/@types/estree@1.0.0/index.d.ts": "946bd1737d9412395a8f24414c70f18660b84a75a12b0b448e6eb1a2161d06dd",
    "https://esm.sh/v100/acorn@8.8.1/deno/acorn.js": "0efcc1fa06085e51ed866de9ff61bb35cf8c3775cfc406660e1446f01af2468c",
    "https://esm.sh/v100/acorn@8.8.1/dist/acorn.d.ts": "0ab93665e8a4579441d8ff90218471dc039591f607ed7a0cc6519bf2ede8c670",
    "https://esm.sh/v100/estree-walker@3.0.1/deno/estree-walker.js": "81cbe5f1f4714aaded604074f4d88a08442f6399356435d3689c265dcea42922",
    "https://esm.sh/v100/estree-walker@3.0.1/types/index.d.ts": "42479d0a8ffead0fc908d99f06d3dd6cab6523b3d0c6b90a7e8e5b32432fdeec",
    "https://esm.sh/v101/@jridgewell/sourcemap-codec@1.4.14/deno/sourcemap-codec.js": "b9882cb41ac950ea9988fccd04c220e490144b9634e69e0eaf8fb031faef101b",
    "https://esm.sh/v101/@types/estree@1.0.0/index.d.ts": "946bd1737d9412395a8f24414c70f18660b84a75a12b0b448e6eb1a2161d06dd",
    "https://esm.sh/v101/estree-walker@3.0.1/deno/estree-walker.js": "81cbe5f1f4714aaded604074f4d88a08442f6399356435d3689c265dcea42922",
    "https://esm.sh/v101/is-reference@3.0.0/deno/is-reference.js": "412808bab170e63207627067fe5125039c80fbea2cab83d4dfe36c34b8fbb018",
    "https://esm.sh/v101/magic-string@0.27.0/deno/magic-string.js": "97a2e2203eb6e34ebe15ee06c91b535f3e99cef2f0717d0ab33f8ba18c6cbf7b",
    "https://esm.sh/v101/magic-string@0.27.0/index.d.ts": "6511a35c6a756bf3fe384aca1312f0753fc366cfe432714c98eb1a5561741ad8",
    "https://esm.sh/v101/periscopic@3.0.4/deno/periscopic.js": "cb8aa1557f7de6081a75dec87b6a775a8accc206740e885226a2969623b1e222",
    "https://esm.sh/v101/periscopic@3.0.4/types/index.d.ts": "378ae471673b8682bfb300d3ce4064ab02d5a9f2f87c2bbcf30d2b4d0fb6e772",
    "https://esm.sh/v102/acorn-import-assertions@1.8.0/deno/acorn-import-assertions.js": "23002530ca351d19379bcb23b9d78085ed7a4cb850595971d512f500a2753df9",
    "https://esm.sh/v102/acorn@8.8.1/deno/acorn.js": "0efcc1fa06085e51ed866de9ff61bb35cf8c3775cfc406660e1446f01af2468c"
  },
  "npm": {
    "specifiers": {
      "acorn-import-assertions": "acorn-import-assertions@1.8.0",
      "create-rakkas-app": "create-rakkas-app@0.6.11"
    },
    "packages": {
      "acorn-import-assertions@1.8.0": {
        "integrity": "sha512-m7VZ3jwz4eK6A4Vtt8Ew1/mNbP24u0FhdyfA7fSvnJR6LMdfOYnmuIrrJAgrYfYJ10F/otaHTtrtrtmHdMNzEw==",
        "dependencies": { "acorn": "acorn@8.8.1" }
      },
      "acorn@8.8.1": {
        "integrity": "sha512-7zFpHzhnqYKrkYdUjF1HI1bzd0VygEGX8lFk4k5zVMqHEoES+P+7TKI+EvLO9WVMJ8eekdO0aDEK044xTXwPPA==",
        "dependencies": {}
      },
      "ansi-escapes@6.0.0": {
        "integrity": "sha512-IG23inYII3dWlU2EyiAiGj6Bwal5GzsgPMwjYGvc1HPE2dgbj4ZB5ToWBKSquKw74nB3TIuOwaI6/jSULzfgrw==",
        "dependencies": { "type-fest": "type-fest@3.5.0" }
      },
      "ansi-regex@6.0.1": {
        "integrity": "sha512-n5M855fKb2SsfMIiFFoVrABHJC8QtHwVx+mHWP3QcEqBHYienj5dHSgjbxtC0WEZXYt4wcD6zrQElDPhFuZgfA==",
        "dependencies": {}
      },
      "ansi-styles@6.2.1": {
        "integrity": "sha512-bN798gFfQX+viw3R7yrGWRqnrN2oRkEkUjjl4JNn4E8GxxbjtG3FbrEIIY3l8/hrwUwIeCZvi4QuOTP4MErVug==",
        "dependencies": {}
      },
      "balanced-match@1.0.2": {
        "integrity": "sha512-3oSeUO0TMV67hN1AmbXsK4yaqU7tjiHlbxRDZOpH0KW9+CeX4bRAaX0Anxt0tx2MrpRpWwQaPwIlISEJhYU5Pw==",
        "dependencies": {}
      },
      "base64-js@1.5.1": {
        "integrity": "sha512-AKpaYlHn8t4SVbOHCy+b5+KKgvR4vrsD8vbvrbiQJps7fKDTkjkDry6ji0rUJjC0kzbNePLwzxq8iypo41qeWA==",
        "dependencies": {}
      },
      "bl@5.1.0": {
        "integrity": "sha512-tv1ZJHLfTDnXE6tMHv73YgSJaWR2AFuPwMntBe7XL/GBFHnT0CLnsHMogfk5+GzCDC5ZWarSCYaIGATZt9dNsQ==",
        "dependencies": {
          "buffer": "buffer@6.0.3",
          "inherits": "inherits@2.0.4",
          "readable-stream": "readable-stream@3.6.0"
        }
      },
      "brace-expansion@1.1.11": {
        "integrity": "sha512-iCuPHDFgrHX7H2vEI/5xpz07zSHB00TpugqhmYtVmMO6518mCuRMoOYFldEBl0g187ufozdaHgWKcYFb61qGiA==",
        "dependencies": {
          "balanced-match": "balanced-match@1.0.2",
          "concat-map": "concat-map@0.0.1"
        }
      },
      "buffer@6.0.3": {
        "integrity": "sha512-FTiCpNxtwiZZHEZbcbTIcZjERVICn9yq/pDFkTl95/AxzD1naBctN7YO68riM/gLSDY7sdrMby8hofADYuuqOA==",
        "dependencies": {
          "base64-js": "base64-js@1.5.1",
          "ieee754": "ieee754@1.2.1"
        }
      },
      "cac@6.7.14": {
        "integrity": "sha512-b6Ilus+c3RrdDk+JhLKUAQfzzgLEPy6wcXqS7f/xe1EETvsDP6GORG7SFuOs6cID5YkqchW/LXZbX5bc8j7ZcQ==",
        "dependencies": {}
      },
      "chalk@5.2.0": {
        "integrity": "sha512-ree3Gqw/nazQAPuJJEy+avdl7QfZMcUvmHIKgEZkGL+xOBzRvup5Hxo6LHuMceSxOabuJLJm5Yp/92R9eMmMvA==",
        "dependencies": {}
      },
      "chardet@0.7.0": {
        "integrity": "sha512-mT8iDcrh03qDGRRmoA2hmBJnxpllMR+0/0qlzjqZES6NdiWDcZkCNAk4rPFZ9Q85r27unkiNNg8ZOiwZXBHwcA==",
        "dependencies": {}
      },
      "cli-cursor@4.0.0": {
        "integrity": "sha512-VGtlMu3x/4DOtIUwEkRezxUZ2lBacNJCHash0N0WeZDBS+7Ux1dm3XWAgWYxLJFMMdOeXMHXorshEFhbMSGelg==",
        "dependencies": { "restore-cursor": "restore-cursor@4.0.0" }
      },
      "cli-spinners@2.7.0": {
        "integrity": "sha512-qu3pN8Y3qHNgE2AFweciB1IfMnmZ/fsNTEE+NOFjmGB2F/7rLhnhzppvpCnN4FovtP26k8lHyy9ptEbNwWFLzw==",
        "dependencies": {}
      },
      "cli-width@4.0.0": {
        "integrity": "sha512-ZksGS2xpa/bYkNzN3BAw1wEjsLV/ZKOf/CCrJ/QOBsxx6fOARIkwTutxp1XIOIohi6HKmOFjMoK/XaqDVUpEEw==",
        "dependencies": {}
      },
      "clone@1.0.4": {
        "integrity": "sha512-JQHZ2QMW6l3aH/j6xCqQThY/9OH4D/9ls34cgkUBiEeocRTU04tHfKPBsUK1PqZCUQM7GiA0IIXJSuXHI64Kbg==",
        "dependencies": {}
      },
      "concat-map@0.0.1": {
        "integrity": "sha512-/Srv4dswyQNBfohGpz9o6Yb3Gz3SrUDqBH5rTuhGR7ahtlbYKnVxw2bCFMRljaA7EXHaXZ8wsHdodFvbkhKmqg==",
        "dependencies": {}
      },
      "cpr@3.0.1": {
        "integrity": "sha512-Xch4PXQ/KC8lJ+KfJ9JI6eG/nmppLrPPWg5Q+vh65Qr9EjuJEubxh/H/Le1TmCZ7+Xv7iJuNRqapyOFZB+wsxA==",
        "dependencies": {
          "graceful-fs": "graceful-fs@4.2.10",
          "minimist": "minimist@1.2.7",
          "mkdirp": "mkdirp@0.5.6",
          "rimraf": "rimraf@2.7.1"
        }
      },
      "create-rakkas-app@0.6.11": {
        "integrity": "sha512-aLCpN0iSKsBaBLdwbwB0+nW49LYvKvTa3Dm/J9ZbGz3dY6RrqJ4OHWa4THkxQrxIcGf4R+9OQLRjdaO9+Y8BbA==",
        "dependencies": {
          "cac": "cac@6.7.14",
          "cpr": "cpr@3.0.1",
          "inquirer": "inquirer@9.1.4",
          "mkdirp": "mkdirp@1.0.4",
          "picocolors": "picocolors@1.0.0",
          "rimraf": "rimraf@3.0.2"
        }
      },
      "defaults@1.0.4": {
        "integrity": "sha512-eFuaLoy/Rxalv2kr+lqMlUnrDWV+3j4pljOIJgLIhI058IQfWJ7vXhyEIHu+HtC738klGALYxOKDO0bQP3tg8A==",
        "dependencies": { "clone": "clone@1.0.4" }
      },
      "eastasianwidth@0.2.0": {
        "integrity": "sha512-I88TYZWc9XiYHRQ4/3c5rjjfgkjhLyW2luGIheGERbNQ6OY7yTybanSpDXZa8y7VUP9YmDcYa+eyq4ca7iLqWA==",
        "dependencies": {}
      },
      "emoji-regex@9.2.2": {
        "integrity": "sha512-L18DaJsXSUk2+42pv8mLs5jJT2hqFkFE4j21wOmgbUqsZ2hL72NsUU785g9RXgo3s0ZNgVl42TiHp3ZtOv/Vyg==",
        "dependencies": {}
      },
      "escape-string-regexp@5.0.0": {
        "integrity": "sha512-/veY75JbMK4j1yjvuUxuVsiS/hr/4iHs9FTT6cgTexxdE0Ly/glccBAkloH/DofkjRbZU3bnoj38mOmhkZ0lHw==",
        "dependencies": {}
      },
      "external-editor@3.1.0": {
        "integrity": "sha512-hMQ4CX1p1izmuLYyZqLMO/qGNw10wSv9QDCPfzXfyFrOaCSSoRfqE1Kf1s5an66J5JZC62NewG+mK49jOCtQew==",
        "dependencies": {
          "chardet": "chardet@0.7.0",
          "iconv-lite": "iconv-lite@0.4.24",
          "tmp": "tmp@0.0.33"
        }
      },
      "figures@5.0.0": {
        "integrity": "sha512-ej8ksPF4x6e5wvK9yevct0UCXh8TTFlWGVLlgjZuoBH1HwjIfKE/IdL5mq89sFA7zELi1VhKpmtDnrs7zWyeyg==",
        "dependencies": {
          "escape-string-regexp": "escape-string-regexp@5.0.0",
          "is-unicode-supported": "is-unicode-supported@1.3.0"
        }
      },
      "fs.realpath@1.0.0": {
        "integrity": "sha512-OO0pH2lK6a0hZnAdau5ItzHPI6pUlvI7jMVnxUQRtw4owF2wk8lOSabtGDCTP4Ggrg2MbGnWO9X8K1t4+fGMDw==",
        "dependencies": {}
      },
      "glob@7.2.3": {
        "integrity": "sha512-nFR0zLpU2YCaRxwoCJvL6UvCH2JFyFVIvwTLsIf21AuHlMskA1hhTdk+LlYJtOlYt9v6dvszD2BGRqBL+iQK9Q==",
        "dependencies": {
          "fs.realpath": "fs.realpath@1.0.0",
          "inflight": "inflight@1.0.6",
          "inherits": "inherits@2.0.4",
          "minimatch": "minimatch@3.1.2",
          "once": "once@1.4.0",
          "path-is-absolute": "path-is-absolute@1.0.1"
        }
      },
      "graceful-fs@4.2.10": {
        "integrity": "sha512-9ByhssR2fPVsNZj478qUUbKfmL0+t5BDVyjShtyZZLiK7ZDAArFFfopyOTj0M05wE2tJPisA4iTnnXl2YoPvOA==",
        "dependencies": {}
      },
      "iconv-lite@0.4.24": {
        "integrity": "sha512-v3MXnZAcvnywkTUEZomIActle7RXXeedOR31wwl7VlyoXO4Qi9arvSenNQWne1TcRwhCL1HwLI21bEqdpj8/rA==",
        "dependencies": { "safer-buffer": "safer-buffer@2.1.2" }
      },
      "ieee754@1.2.1": {
        "integrity": "sha512-dcyqhDvX1C46lXZcVqCpK+FtMRQVdIMN6/Df5js2zouUsqG7I6sFxitIC+7KYK29KdXOLHdu9zL4sFnoVQnqaA==",
        "dependencies": {}
      },
      "inflight@1.0.6": {
        "integrity": "sha512-k92I/b08q4wvFscXCLvqfsHCrjrF7yiXsQuIVvVE7N82W3+aqpzuUdBbfhWcy/FZR3/4IgflMgKLOsvPDrGCJA==",
        "dependencies": { "once": "once@1.4.0", "wrappy": "wrappy@1.0.2" }
      },
      "inherits@2.0.4": {
        "integrity": "sha512-k/vGaX4/Yla3WzyMCvTQOXYeIHvqOKtnqBduzTHpzpQZzAskKMhZ2K+EnBiSM9zGSoIFeMpXKxa4dYeZIQqewQ==",
        "dependencies": {}
      },
      "inquirer@9.1.4": {
        "integrity": "sha512-9hiJxE5gkK/cM2d1mTEnuurGTAoHebbkX0BYl3h7iEg7FYfuNIom+nDfBCSWtvSnoSrWCeBxqqBZu26xdlJlXA==",
        "dependencies": {
          "ansi-escapes": "ansi-escapes@6.0.0",
          "chalk": "chalk@5.2.0",
          "cli-cursor": "cli-cursor@4.0.0",
          "cli-width": "cli-width@4.0.0",
          "external-editor": "external-editor@3.1.0",
          "figures": "figures@5.0.0",
          "lodash": "lodash@4.17.21",
          "mute-stream": "mute-stream@0.0.8",
          "ora": "ora@6.1.2",
          "run-async": "run-async@2.4.1",
          "rxjs": "rxjs@7.8.0",
          "string-width": "string-width@5.1.2",
          "strip-ansi": "strip-ansi@7.0.1",
          "through": "through@2.3.8",
          "wrap-ansi": "wrap-ansi@8.0.1"
        }
      },
      "is-interactive@2.0.0": {
        "integrity": "sha512-qP1vozQRI+BMOPcjFzrjXuQvdak2pHNUMZoeG2eRbiSqyvbEf/wQtEOTOX1guk6E3t36RkaqiSt8A/6YElNxLQ==",
        "dependencies": {}
      },
      "is-unicode-supported@1.3.0": {
        "integrity": "sha512-43r2mRvz+8JRIKnWJ+3j8JtjRKZ6GmjzfaE/qiBJnikNnYv/6bagRJ1kUhNk8R5EX/GkobD+r+sfxCPJsiKBLQ==",
        "dependencies": {}
      },
      "lodash@4.17.21": {
        "integrity": "sha512-v2kDEe57lecTulaDIuNTPy3Ry4gLGJ6Z1O3vE1krgXZNrsQ+LFTGHVxVjcXPs17LhbZVGedAJv8XZ1tvj5FvSg==",
        "dependencies": {}
      },
      "log-symbols@5.1.0": {
        "integrity": "sha512-l0x2DvrW294C9uDCoQe1VSU4gf529FkSZ6leBl4TiqZH/e+0R7hSfHQBNut2mNygDgHwvYHfFLn6Oxb3VWj2rA==",
        "dependencies": {
          "chalk": "chalk@5.2.0",
          "is-unicode-supported": "is-unicode-supported@1.3.0"
        }
      },
      "mimic-fn@2.1.0": {
        "integrity": "sha512-OqbOk5oEQeAZ8WXWydlu9HJjz9WVdEIvamMCcXmuqUYjTknH/sqsWvhQ3vgwKFRR1HpjvNBKQ37nbJgYzGqGcg==",
        "dependencies": {}
      },
      "minimatch@3.1.2": {
        "integrity": "sha512-J7p63hRiAjw1NDEww1W7i37+ByIrOWO5XQQAzZ3VOcL0PNybwpfmV/N05zFAzwQ9USyEcX6t3UO+K5aqBQOIHw==",
        "dependencies": { "brace-expansion": "brace-expansion@1.1.11" }
      },
      "minimist@1.2.7": {
        "integrity": "sha512-bzfL1YUZsP41gmu/qjrEk0Q6i2ix/cVeAhbCbqH9u3zYutS1cLg00qhrD0M2MVdCcx4Sc0UpP2eBWo9rotpq6g==",
        "dependencies": {}
      },
      "mkdirp@0.5.6": {
        "integrity": "sha512-FP+p8RB8OWpF3YZBCrP5gtADmtXApB5AMLn+vdyA+PyxCjrCs00mjyUozssO33cwDeT3wNGdLxJ5M//YqtHAJw==",
        "dependencies": { "minimist": "minimist@1.2.7" }
      },
      "mkdirp@1.0.4": {
        "integrity": "sha512-vVqVZQyf3WLx2Shd0qJ9xuvqgAyKPLAiqITEtqW0oIUjzo3PePDd6fW9iFz30ef7Ysp/oiWqbhszeGWW2T6Gzw==",
        "dependencies": {}
      },
      "mute-stream@0.0.8": {
        "integrity": "sha512-nnbWWOkoWyUsTjKrhgD0dcz22mdkSnpYqbEjIm2nhwhuxlSkpywJmBo8h0ZqJdkp73mb90SssHkN4rsRaBAfAA==",
        "dependencies": {}
      },
      "once@1.4.0": {
        "integrity": "sha512-lNaJgI+2Q5URQBkccEKHTQOPaXdUxnZZElQTZY0MFUAuaEqe1E+Nyvgdz/aIyNi6Z9MzO5dv1H8n58/GELp3+w==",
        "dependencies": { "wrappy": "wrappy@1.0.2" }
      },
      "onetime@5.1.2": {
        "integrity": "sha512-kbpaSSGJTWdAY5KPVeMOKXSrPtr8C8C7wodJbcsd51jRnmD+GZu8Y0VoU6Dm5Z4vWr0Ig/1NKuWRKf7j5aaYSg==",
        "dependencies": { "mimic-fn": "mimic-fn@2.1.0" }
      },
      "ora@6.1.2": {
        "integrity": "sha512-EJQ3NiP5Xo94wJXIzAyOtSb0QEIAUu7m8t6UZ9krbz0vAJqr92JpcK/lEXg91q6B9pEGqrykkd2EQplnifDSBw==",
        "dependencies": {
          "bl": "bl@5.1.0",
          "chalk": "chalk@5.2.0",
          "cli-cursor": "cli-cursor@4.0.0",
          "cli-spinners": "cli-spinners@2.7.0",
          "is-interactive": "is-interactive@2.0.0",
          "is-unicode-supported": "is-unicode-supported@1.3.0",
          "log-symbols": "log-symbols@5.1.0",
          "strip-ansi": "strip-ansi@7.0.1",
          "wcwidth": "wcwidth@1.0.1"
        }
      },
      "os-tmpdir@1.0.2": {
        "integrity": "sha512-D2FR03Vir7FIu45XBY20mTb+/ZSWB00sjU9jdQXt83gDrI4Ztz5Fs7/yy74g2N5SVQY4xY1qDr4rNddwYRVX0g==",
        "dependencies": {}
      },
      "path-is-absolute@1.0.1": {
        "integrity": "sha512-AVbw3UJ2e9bq64vSaS9Am0fje1Pa8pbGqTTsmXfaIiMpnr5DlDhfJOuLj9Sf95ZPVDAUerDfEk88MPmPe7UCQg==",
        "dependencies": {}
      },
      "picocolors@1.0.0": {
        "integrity": "sha512-1fygroTLlHu66zi26VoTDv8yRgm0Fccecssto+MhsZ0D/DGW2sm8E8AjW7NU5VVTRt5GxbeZ5qBuJr+HyLYkjQ==",
        "dependencies": {}
      },
      "readable-stream@3.6.0": {
        "integrity": "sha512-BViHy7LKeTz4oNnkcLJ+lVSL6vpiFeX6/d3oSH8zCW7UxP2onchk+vTGB143xuFjHS3deTgkKoXXymXqymiIdA==",
        "dependencies": {
          "inherits": "inherits@2.0.4",
          "string_decoder": "string_decoder@1.3.0",
          "util-deprecate": "util-deprecate@1.0.2"
        }
      },
      "restore-cursor@4.0.0": {
        "integrity": "sha512-I9fPXU9geO9bHOt9pHHOhOkYerIMsmVaWB0rA2AI9ERh/+x/i7MV5HKBNrg+ljO5eoPVgCcnFuRjJ9uH6I/3eg==",
        "dependencies": {
          "onetime": "onetime@5.1.2",
          "signal-exit": "signal-exit@3.0.7"
        }
      },
      "rimraf@2.7.1": {
        "integrity": "sha512-uWjbaKIK3T1OSVptzX7Nl6PvQ3qAGtKEtVRjRuazjfL3Bx5eI409VZSqgND+4UNnmzLVdPj9FqFJNPqBZFve4w==",
        "dependencies": { "glob": "glob@7.2.3" }
      },
      "rimraf@3.0.2": {
        "integrity": "sha512-JZkJMZkAGFFPP2YqXZXPbMlMBgsxzE8ILs4lMIX/2o0L9UBw9O/Y3o6wFw/i9YLapcUJWwqbi3kdxIPdC62TIA==",
        "dependencies": { "glob": "glob@7.2.3" }
      },
      "run-async@2.4.1": {
        "integrity": "sha512-tvVnVv01b8c1RrA6Ep7JkStj85Guv/YrMcwqYQnwjsAS2cTmmPGBBjAjpCW7RrSodNSoE2/qg9O4bceNvUuDgQ==",
        "dependencies": {}
      },
      "rxjs@7.8.0": {
        "integrity": "sha512-F2+gxDshqmIub1KdvZkaEfGDwLNpPvk9Fs6LD/MyQxNgMds/WH9OdDDXOmxUZpME+iSK3rQCctkL0DYyytUqMg==",
        "dependencies": { "tslib": "tslib@2.4.1" }
      },
      "safe-buffer@5.2.1": {
        "integrity": "sha512-rp3So07KcdmmKbGvgaNxQSJr7bGVSVk5S9Eq1F+ppbRo70+YeaDxkw5Dd8NPN+GD6bjnYm2VuPuCXmpuYvmCXQ==",
        "dependencies": {}
      },
      "safer-buffer@2.1.2": {
        "integrity": "sha512-YZo3K82SD7Riyi0E1EQPojLz7kpepnSQI9IyPbHHg1XXXevb5dJI7tpyN2ADxGcQbHG7vcyRHk0cbwqcQriUtg==",
        "dependencies": {}
      },
      "signal-exit@3.0.7": {
        "integrity": "sha512-wnD2ZE+l+SPC/uoS0vXeE9L1+0wuaMqKlfz9AMUo38JsyLSBWSFcHR1Rri62LZc12vLr1gb3jl7iwQhgwpAbGQ==",
        "dependencies": {}
      },
      "string-width@5.1.2": {
        "integrity": "sha512-HnLOCR3vjcY8beoNLtcjZ5/nxn2afmME6lhrDrebokqMap+XbeW8n9TXpPDOqdGK5qcI3oT0GKTW6wC7EMiVqA==",
        "dependencies": {
          "eastasianwidth": "eastasianwidth@0.2.0",
          "emoji-regex": "emoji-regex@9.2.2",
          "strip-ansi": "strip-ansi@7.0.1"
        }
      },
      "string_decoder@1.3.0": {
        "integrity": "sha512-hkRX8U1WjJFd8LsDJ2yQ/wWWxaopEsABU1XfkM8A+j0+85JAGppt16cr1Whg6KIbb4okU6Mql6BOj+uup/wKeA==",
        "dependencies": { "safe-buffer": "safe-buffer@5.2.1" }
      },
      "strip-ansi@7.0.1": {
        "integrity": "sha512-cXNxvT8dFNRVfhVME3JAe98mkXDYN2O1l7jmcwMnOslDeESg1rF/OZMtK0nRAhiari1unG5cD4jG3rapUAkLbw==",
        "dependencies": { "ansi-regex": "ansi-regex@6.0.1" }
      },
      "through@2.3.8": {
        "integrity": "sha512-w89qg7PI8wAdvX60bMDP+bFoD5Dvhm9oLheFp5O4a2QF0cSBGsBX4qZmadPMvVqlLJBBci+WqGGOAPvcDeNSVg==",
        "dependencies": {}
      },
      "tmp@0.0.33": {
        "integrity": "sha512-jRCJlojKnZ3addtTOjdIqoRuPEKBvNXcGYqzO6zWZX8KfKEpnGY5jfggJQ3EjKuu8D4bJRr0y+cYJFmYbImXGw==",
        "dependencies": { "os-tmpdir": "os-tmpdir@1.0.2" }
      },
      "tslib@2.4.1": {
        "integrity": "sha512-tGyy4dAjRIEwI7BzsB0lynWgOpfqjUdq91XXAlIWD2OwKBH7oCl/GZG/HT4BOHrTlPMOASlMQ7veyTqpmRcrNA==",
        "dependencies": {}
      },
      "type-fest@3.5.0": {
        "integrity": "sha512-bI3zRmZC8K0tUz1HjbIOAGQwR2CoPQG68N5IF7gm0LBl8QSNXzkmaWnkWccCUL5uG9mCsp4sBwC8SBrNSISWew==",
        "dependencies": {}
      },
      "util-deprecate@1.0.2": {
        "integrity": "sha512-EPD5q1uXyFxJpCrLnCc1nHnq3gOa6DZBocAIiI2TaSCA7VCJ1UJDMagCzIkXNsUYfD1daK//LTEQ8xiIbrHtcw==",
        "dependencies": {}
      },
      "wcwidth@1.0.1": {
        "integrity": "sha512-XHPEwS0q6TaxcvG85+8EYkbiCux2XtWG2mkc47Ng2A77BQu9+DqIOJldST4HgPkuea7dvKSj5VgX3P1d4rW8Tg==",
        "dependencies": { "defaults": "defaults@1.0.4" }
      },
      "wrap-ansi@8.0.1": {
        "integrity": "sha512-QFF+ufAqhoYHvoHdajT/Po7KoXVBPXS2bgjIam5isfWJPfIOnQZ50JtUiVvCv/sjgacf3yRrt2ZKUZ/V4itN4g==",
        "dependencies": {
          "ansi-styles": "ansi-styles@6.2.1",
          "string-width": "string-width@5.1.2",
          "strip-ansi": "strip-ansi@7.0.1"
        }
      },
      "wrappy@1.0.2": {
        "integrity": "sha512-l4Sp/DRseor9wL6EvV2+TuQn63dMkPjZ/sp9XkghTEbV9KlPS1xUsZ3u7/IQO4wxtcFB4bgpQPRcR3QCvezPcQ==",
        "dependencies": {}
      }
    }
  }
}
