{
  "version": "2",
  "remote": {
    "https://deno.land/std@0.170.0/_util/asserts.ts": "d0844e9b62510f89ce1f9878b046f6a57bf88f208a10304aab50efcb48365272",
    "https://deno.land/std@0.170.0/_util/os.ts": "8a33345f74990e627b9dfe2de9b040004b08ea5146c7c9e8fe9a29070d193934",
    "https://deno.land/std@0.170.0/async/abortable.ts": "80b2ac399f142cc528f95a037a7d0e653296352d95c681e284533765961de409",
    "https://deno.land/std@0.170.0/async/deadline.ts": "2c2deb53c7c28ca1dda7a3ad81e70508b1ebc25db52559de6b8636c9278fd41f",
    "https://deno.land/std@0.170.0/async/debounce.ts": "60301ffb37e730cd2d6f9dadfd0ecb2a38857681bd7aaf6b0a106b06e5210a98",
    "https://deno.land/std@0.170.0/async/deferred.ts": "77d3f84255c3627f1cc88699d8472b664d7635990d5358c4351623e098e917d6",
    "https://deno.land/std@0.170.0/async/delay.ts": "5a9bfba8de38840308a7a33786a0155a7f6c1f7a859558ddcec5fe06e16daf57",
    "https://deno.land/std@0.170.0/async/mod.ts": "7809ad4bb223e40f5fdc043e5c7ca04e0e25eed35c32c3c32e28697c553fa6d9",
    "https://deno.land/std@0.170.0/async/mux_async_iterator.ts": "770a0ff26c59f8bbbda6b703a2235f04e379f73238e8d66a087edc68c2a2c35f",
    "https://deno.land/std@0.170.0/async/pool.ts": "6854d8cd675a74c73391c82005cbbe4cc58183bddcd1fbbd7c2bcda42b61cf69",
    "https://deno.land/std@0.170.0/async/retry.ts": "e8e5173623915bbc0ddc537698fa418cf875456c347eda1ed453528645b42e67",
    "https://deno.land/std@0.170.0/async/tee.ts": "3a47cc4e9a940904fd4341f0224907e199121c80b831faa5ec2b054c6d2eff5e",
    "https://deno.land/std@0.170.0/bytes/index_of_needle.ts": "19db73583cf6e038ca7763dd9fe9b9f2733ffa8be530d7b42f52bc9f3c2ee989",
    "https://deno.land/std@0.170.0/collections/_utils.ts": "fd759867be7a0047a1fa89ec89f7b58ebe3f2f7f089a8f4e416eb30c5d764868",
    "https://deno.land/std@0.170.0/collections/deep_merge.ts": "0303cca7697646c5464ecb3337d494602056babae4f09baf6619f1043ba7eb6d",
    "https://deno.land/std@0.170.0/crypto/_fnv/fnv32.ts": "aa9bddead8c6345087d3abd4ef35fb9655622afc333fc41fff382b36e64280b5",
    "https://deno.land/std@0.170.0/crypto/_fnv/fnv64.ts": "625d7e7505b6cb2e9801b5fd6ed0a89256bac12b2bbb3e4664b85a88b0ec5bef",
    "https://deno.land/std@0.170.0/crypto/_fnv/index.ts": "a8f6a361b4c6d54e5e89c16098f99b6962a1dd6ad1307dbc97fa1ecac5d7060a",
    "https://deno.land/std@0.170.0/crypto/_fnv/util.ts": "4848313bed7f00f55be3cb080aa0583fc007812ba965b03e4009665bde614ce3",
    "https://deno.land/std@0.170.0/crypto/_util.ts": "4a8cb74e7273d2400aa6da582ec58078cf8d54bc66530592048cbd7cc4152621",
    "https://deno.land/std@0.170.0/crypto/_wasm/lib/deno_std_wasm_crypto.generated.mjs": "71c1ac20f32fdbdc9b31a14917779c7fa392dbc8b050059cbb2c35b400b975b1",
    "https://deno.land/std@0.170.0/crypto/_wasm/mod.ts": "b49ec171049bbbaaed3c5a5a71dfcb3d09f880607c8d9c517638d0443bd0f874",
    "https://deno.land/std@0.170.0/crypto/keystack.ts": "ee8ee58ca876f619cef56f40127405f77f9738f50a459b6ba44234b3a2cb6cc8",
    "https://deno.land/std@0.170.0/crypto/mod.ts": "f953406904aa4257a6c76c40eb74b47d8dad83af8a77f33a4639cbac6d311baf",
    "https://deno.land/std@0.170.0/crypto/timing_safe_equal.ts": "3784958e40a5fe10429a68b75cc5f8d34356bf0bc2eb93c80c3033e2a6f17821",
    "https://deno.land/std@0.170.0/crypto/util.ts": "93fc9dbaa62421538ad60ee65337cbf1d8a0298fac3c4f70b37e5627e7e129eb",
    "https://deno.land/std@0.170.0/encoding/base64.ts": "8605e018e49211efc767686f6f687827d7f5fd5217163e981d8d693105640d7a",
    "https://deno.land/std@0.170.0/encoding/base64url.ts": "0283b12fcd306c11e3cf26fc022fecc800c6acc19704ea8bdb3908898fcd06d6",
    "https://deno.land/std@0.170.0/encoding/hex.ts": "b51e99b684486a3ad2406807a8be953f5ef8bac95af202774a759f9fcf0d87a6",
    "https://deno.land/std@0.170.0/flags/mod.ts": "4f50ec6383c02684db35de38b3ffb2cd5b9fcfcc0b1147055d1980c49e82521c",
    "https://deno.land/std@0.170.0/fmt/colors.ts": "03ad95e543d2808bc43c17a3dd29d25b43d0f16287fe562a0be89bf632454a12",
    "https://deno.land/std@0.170.0/http/file_server.ts": "c26eee517f9fe8a398556f3ba9a65accfa9a85af37e583ae537a4d5126a51dd7",
    "https://deno.land/std@0.170.0/http/http_status.ts": "ed24048cc0d06066c944da59b0301da3ae2f990564bb4ad79bb52a09cf8e9b30",
    "https://deno.land/std@0.170.0/http/server.ts": "1b93c76cd415d7b6ad0ae36c17ccb9149b23f4dff018f7d5aa1ab5c36637eb45",
    "https://deno.land/std@0.170.0/http/util.ts": "759a2b57b44b722d2033d0dfe077f7e9a257f431db6d0319b78dcfebed0adb1e",
    "https://deno.land/std@0.170.0/media_types/_db.ts": "981fb4a1ad1dad6bc896208e9d01929bea31b875b9a400ad145a5e802996b3ea",
    "https://deno.land/std@0.170.0/media_types/_util.ts": "839abd68a8c67f89e3fd8900b89b8d4725368b488f72f067fcf8051e77e3a38d",
    "https://deno.land/std@0.170.0/media_types/content_type.ts": "ecf5e4965195b7c19a0de7b251ae920cfb40897205c5529d829d357bf2218900",
    "https://deno.land/std@0.170.0/media_types/format_media_type.ts": "e5f906e7b0509d47c81b3533ebb96783e57683cc0fcb03ea4e3420c641a80538",
    "https://deno.land/std@0.170.0/media_types/get_charset.ts": "74aee42562808172c3ce2892a7e668f537bf565f2deebd2655a7d5c5b2779857",
    "https://deno.land/std@0.170.0/media_types/parse_media_type.ts": "f40f0b98e7e6883bc2ea0f83482c48e2583a2a9785426dfc665f494f0ca3f17b",
    "https://deno.land/std@0.170.0/media_types/type_by_extension.ts": "5bd760bb9518ba0cf4e40cc5b9d04dc84b0c562d9b04ac2cbd4050a4b47c9a6d",
    "https://deno.land/std@0.170.0/media_types/vendor/mime-db.v1.52.0.ts": "724cee25fa40f1a52d3937d6b4fbbfdd7791ff55e1b7ac08d9319d5632c7f5af",
    "https://deno.land/std@0.170.0/node/_core.ts": "92e000441742387f7ded7cc582ca4089c0bc13aa5f00cecdfa4876dc832dfd10",
    "https://deno.land/std@0.170.0/node/_utils.ts": "1085a229e910b3a6672f3c3be05507591811dc67be2ae2188e9fc9ef4376b172",
    "https://deno.land/std@0.170.0/node/buffer.ts": "43f07b2d1523345bf35b7deb7fcdad6e916020a631a7bc1b5efcaff556db4e1d",
    "https://deno.land/std@0.170.0/node/internal/buffer.d.ts": "90f674081428a61978b6d481c5f557ff743a3f4a85d7ae113caab48fdf5b8a63",
    "https://deno.land/std@0.170.0/node/internal/buffer.mjs": "50320a6bcf770f03428e77e5ba46b19f69842539c6493b89c6515ba1b0def6ee",
    "https://deno.land/std@0.170.0/node/internal/crypto/_keys.ts": "63229ff3d8d15b5bd0a1d2ebc19313cbb8ac969875bf16df1ce4f2b497d74fb5",
    "https://deno.land/std@0.170.0/node/internal/crypto/constants.ts": "d2c8821977aef55e4d66414d623c24a2447791a8b49b6404b8db32d81e20c315",
    "https://deno.land/std@0.170.0/node/internal/error_codes.ts": "ac03c4eae33de3a69d6c98e8678003207eecf75a6900eb847e3fea3c8c9e6d8f",
    "https://deno.land/std@0.170.0/node/internal/errors.ts": "b9aec7d1fe3eaf21322d0ea9dc2fcb344055d6b0c7a1bd0f62a0c379a5baa799",
    "https://deno.land/std@0.170.0/node/internal/hide_stack_frames.ts": "a91962ec84610bc7ec86022c4593cdf688156a5910c07b5bcd71994225c13a03",
    "https://deno.land/std@0.170.0/node/internal/normalize_encoding.mjs": "3779ec8a7adf5d963b0224f9b85d1bc974a2ec2db0e858396b5d3c2c92138a0a",
    "https://deno.land/std@0.170.0/node/internal/primordials.mjs": "7cf5afe471583e4a384eeea109bdff276b6b7f3a3af830f99f951fb7d57ef423",
    "https://deno.land/std@0.170.0/node/internal/util.mjs": "35d24fb775468cd24443bcf0ec68904b8aa44e5b53845491a5e3382421917f9a",
    "https://deno.land/std@0.170.0/node/internal/util/inspect.mjs": "1ddace0c97719d2cc0869ba177d375e96051301352ec235cbfb2ecbfcd4e8fba",
    "https://deno.land/std@0.170.0/node/internal/util/types.ts": "5b15a8051a6e58b6c1a424e0e7137b77b0ef60409d54d05db22a97e0d1d5b589",
    "https://deno.land/std@0.170.0/node/internal/validators.mjs": "67deae0f488d013c8bf485742a5478112b8e48837cb2458c4a8b2669cf7017db",
    "https://deno.land/std@0.170.0/node/internal_binding/_libuv_winerror.ts": "801e05c2742ae6cd42a5f0fd555a255a7308a65732551e962e5345f55eedc519",
    "https://deno.land/std@0.170.0/node/internal_binding/_node.ts": "e4075ba8a37aef4eb5b592c8e3807c39cb49ca8653faf8e01a43421938076c1b",
    "https://deno.land/std@0.170.0/node/internal_binding/_utils.ts": "1c50883b5751a9ea1b38951e62ed63bacfdc9d69ea665292edfa28e1b1c5bd94",
    "https://deno.land/std@0.170.0/node/internal_binding/_winerror.ts": "8811d4be66f918c165370b619259c1f35e8c3e458b8539db64c704fbde0a7cd2",
    "https://deno.land/std@0.170.0/node/internal_binding/buffer.ts": "dfba9e1a50b637cfd72e569aa11959dcaf626b898ab7e851d21526a2bdaec588",
    "https://deno.land/std@0.170.0/node/internal_binding/constants.ts": "1ad4de9f76733320527c8bc841b5e4dd5869424924384157a72f3b171bd05b08",
    "https://deno.land/std@0.170.0/node/internal_binding/string_decoder.ts": "5cb1863763d1e9b458bc21d6f976f16d9c18b3b3f57eaf0ade120aee38fba227",
    "https://deno.land/std@0.170.0/node/internal_binding/types.ts": "69000b1b92e0ca999c737f5add38827742b3ca3fe37a2389c80290de0ae6ef01",
    "https://deno.land/std@0.170.0/node/internal_binding/util.ts": "faf5146c3cc3b2d6c26026a818b4a16e91488ab26e63c069f36ba3c3ae24c97b",
    "https://deno.land/std@0.170.0/node/internal_binding/uv.ts": "27922aaec43de314afd99dfca1ce8f4d51ced9f5195e4917b54d387766404f61",
    "https://deno.land/std@0.170.0/path/_constants.ts": "df1db3ffa6dd6d1252cc9617e5d72165cd2483df90e93833e13580687b6083c3",
    "https://deno.land/std@0.170.0/path/_interface.ts": "ee3b431a336b80cf445441109d089b70d87d5e248f4f90ff906820889ecf8d09",
    "https://deno.land/std@0.170.0/path/_util.ts": "d16be2a16e1204b65f9d0dfc54a9bc472cafe5f4a190b3c8471ec2016ccd1677",
    "https://deno.land/std@0.170.0/path/common.ts": "bee563630abd2d97f99d83c96c2fa0cca7cee103e8cb4e7699ec4d5db7bd2633",
    "https://deno.land/std@0.170.0/path/glob.ts": "81cc6c72be002cd546c7a22d1f263f82f63f37fe0035d9726aa96fc8f6e4afa1",
    "https://deno.land/std@0.170.0/path/mod.ts": "cf7cec7ac11b7048bb66af8ae03513e66595c279c65cfa12bfc07d9599608b78",
    "https://deno.land/std@0.170.0/path/posix.ts": "b859684bc4d80edfd4cad0a82371b50c716330bed51143d6dcdbe59e6278b30c",
    "https://deno.land/std@0.170.0/path/separator.ts": "fe1816cb765a8068afb3e8f13ad272351c85cbc739af56dacfc7d93d710fe0f9",
    "https://deno.land/std@0.170.0/path/win32.ts": "7cebd2bda6657371adc00061a1d23fdd87bcdf64b4843bb148b0b24c11b40f69",
    "https://deno.land/std@0.170.0/version.ts": "eb6935c9beaac221b235d011ba5b127ceb5d3addf329cc01e05806af07ba93e1",
    "https://deno.land/x/denoflate@1.2.1/mod.ts": "f5628e44b80b3d80ed525afa2ba0f12408e3849db817d47a883b801f9ce69dd6",
    "https://deno.land/x/denoflate@1.2.1/pkg/denoflate.js": "b9f9ad9457d3f12f28b1fb35c555f57443427f74decb403113d67364e4f2caf4",
    "https://deno.land/x/denoflate@1.2.1/pkg/denoflate_bg.wasm.js": "d581956245407a2115a3d7e8d85a9641c032940a8e810acbd59ca86afd34d44d",
    "https://deno.land/x/esbuild@v0.16.10/mod.d.ts": "512cc3135020e8b8ff9e291cb545c4a65e5e6cede6aa9182310eb7abbad8f8e7",
    "https://deno.land/x/esbuild@v0.16.10/mod.js": "2f5fff339b2971e114ee72ef8b97d34c9fdc21d6254dc194635ed2e2be090a2e",
    "https://deno.land/x/importmap@0.2.1/_util.ts": "ada9a9618b537e6c0316c048a898352396c882b9f2de38aba18fd3f2950ede89",
    "https://deno.land/x/importmap@0.2.1/mod.ts": "ae3d1cd7eabd18c01a4960d57db471126b020f23b37ef14e1359bbb949227ade",
    "https://esm.sh/@ampproject/remapping@2.2.0": "792e3511197487cade34d2189aae820e1617ee8815e25d8de23e9be93b3d3aef",
    "https://esm.sh/@hattip/compose@0.0.24": "4efa99a80258a2335cfc0a56c8c708a9ba458fc7aa241baf4a9b28411a9961bd",
    "https://esm.sh/@hattip/core@0.0.24/index.d.ts": "679a20f3b6cefb3b277303b6a1260b18fad71101a1328ec3d9b5b828a03950d8",
    "https://esm.sh/@hattip/router@0.0.24": "0dad6aef6d8ae4df6a1e9b5aaf2e0f764b9bf39d1451cbfb4d6064218b0ada7c",
    "https://esm.sh/@types/estree@1.0.0/index.d.ts": "946bd1737d9412395a8f24414c70f18660b84a75a12b0b448e6eb1a2161d06dd",
    "https://esm.sh/acorn@8.8.1": "2f3c24c0215a00765179e8b1114cce6fcfedc43c70a3e89f92dd698d75f1932a",
    "https://esm.sh/estree-walker@3.0.1": "63d550c546f35afcc7aa2f23151fb703473c7b7b0f94ed4bfe3d5e21358bafcc",
    "https://esm.sh/magic-string@0.27.0": "921c14aaef65122ce52fdb038f10f9521ee4ef322db4207cc8cdb4cba8b2f2ec",
    "https://esm.sh/periscopic@3.0.4": "f98dc3a682c98b9c967c64853c73c865fba26e0cac58a38fc2d7b6056238df08",
    "https://esm.sh/react-dom@18.2.0/server": "6d8f8e1793f0837cba64417f935910da199a2d75f404661c87f32aa075cbc677",
    "https://esm.sh/react@18.2.0": "84aa07282d2f3c843f7d56daeae0be41ceae768391c4418f7358dd64e8fe4eca",
    "https://esm.sh/stable/react@18.2.0/deno/react.js": "0113c672572d23a90490f1b03731866a18bbbfe2ab4ff8e52c2e91b60c4188f0",
    "https://esm.sh/v102/@ampproject/remapping@2.2.0/deno/remapping.js": "0fd53f6fa4562cd28e6b1eef487e08634bbc94560540567a589a11a270b2a6cb",
    "https://esm.sh/v102/@ampproject/remapping@2.2.0/dist/types/remapping.d.ts": "373b05a15039b4407518bab4a7ae087d664ee7951fda42d03c9d6780566f611e",
    "https://esm.sh/v102/@ampproject/remapping@2.2.0/dist/types/source-map.d.ts": "d5d4ee93f92c0170f54794ddac5b9b21cf36eb9aaccec651404601c7cf3dbb6e",
    "https://esm.sh/v102/@ampproject/remapping@2.2.0/dist/types/types.d.ts": "5fbd5d66b4f3c8f56f6e93d203efcfe7738ac0cccb6fccad3a0506a9bacba23e",
    "https://esm.sh/v102/@hattip/compose@0.0.24/deno/compose.js": "aba2665c0efc9f4efc67c54a986aa3ed5329dfc6717c53d75d62aede6f3c3074",
    "https://esm.sh/v102/@hattip/compose@0.0.24/dist/index.d.ts": "6157a6a567bff06f5b0fdb7abf003e8d2534f5ad07d460c7af6ef1cb5b9b6590",
    "https://esm.sh/v102/@hattip/core@0.0.24/index.d.ts": "679a20f3b6cefb3b277303b6a1260b18fad71101a1328ec3d9b5b828a03950d8",
    "https://esm.sh/v102/@hattip/router@0.0.24/deno/router.js": "dcbc306269297db21ad368201e72f50939774063a1eb8b9873df62aeaddb733f",
    "https://esm.sh/v102/@hattip/router@0.0.24/dist/index.d.ts": "b5cd5bf87a4343fd8a26d7e97dda2bc99dc1c1ac77be55df7b627bac98cf8208",
    "https://esm.sh/v102/@jridgewell/gen-mapping@0.1.1/deno/gen-mapping.js": "126bfe4414b25669e471b1b2cb45fb30ac55103340880e458ca49651c234d10b",
    "https://esm.sh/v102/@jridgewell/gen-mapping@0.1.1/dist/types/gen-mapping.d.ts": "42406b66dda7a465a68f6d482fef3548407908e13c56895107ec2c7613d66bce",
    "https://esm.sh/v102/@jridgewell/gen-mapping@0.1.1/dist/types/sourcemap-segment.d.ts": "cadb68b67b80b14a9a5bb64cce3093168fb2bfe2c7b10096d230df5203218de1",
    "https://esm.sh/v102/@jridgewell/gen-mapping@0.1.1/dist/types/types.d.ts": "d762b13eace6f03d49d696abadd9a284915b8d219d0a4abbdde64f43f730931c",
    "https://esm.sh/v102/@jridgewell/resolve-uri@3.1.0/deno/resolve-uri.js": "532be46eb58021c43ac0b7648bbb6b010aa37fbb79d14267b4c5833df63379a3",
    "https://esm.sh/v102/@jridgewell/set-array@1.1.2/deno/set-array.js": "6209cc2b94c3abd764bf7e0c58d2de5a82f743b53af9c14d42481ff6a9742538",
    "https://esm.sh/v102/@jridgewell/sourcemap-codec@1.4.14/deno/sourcemap-codec.js": "b9882cb41ac950ea9988fccd04c220e490144b9634e69e0eaf8fb031faef101b",
    "https://esm.sh/v102/@jridgewell/trace-mapping@0.3.17/deno/trace-mapping.js": "78d8436993e0666fef8c9407b4ddb21de0b16975c7d82bdb0ec6f94b4dc9e8ae",
    "https://esm.sh/v102/@jridgewell/trace-mapping@0.3.17/dist/types/any-map.d.ts": "0a71b92c859d24badce9edb078318cf044deeb7023cfd034b5cd655019cc1edb",
    "https://esm.sh/v102/@jridgewell/trace-mapping@0.3.17/dist/types/sourcemap-segment.d.ts": "d66d26abde4bfe9049630ba8ce3912396d6654eb68869090e1207476ac5752c4",
    "https://esm.sh/v102/@jridgewell/trace-mapping@0.3.17/dist/types/trace-mapping.d.ts": "993a8b636ba51e9052b28812e1b5a855f09b95385b1e72c2d58d5c428b8efba4",
    "https://esm.sh/v102/@jridgewell/trace-mapping@0.3.17/dist/types/types.d.ts": "a75d253fafc30cb7b325ee8bf6feebfda494294cf609c9b158be17ae3fc0300c",
    "https://esm.sh/v102/@types/estree@1.0.0/index.d.ts": "946bd1737d9412395a8f24414c70f18660b84a75a12b0b448e6eb1a2161d06dd",
    "https://esm.sh/v102/@types/prop-types@15.7.5/index.d.ts": "6a386ff939f180ae8ef064699d8b7b6e62bc2731a62d7fbf5e02589383838dea",
    "https://esm.sh/v102/@types/react-dom@18.0.10/server~.d.ts": "b09086437b4d8cae915897737280138e41bf587f31c90e5b3833e6a78f20bcdf",
    "https://esm.sh/v102/@types/react@18.0.26/global.d.ts": "bbdf156fea2fabed31a569445835aeedcc33643d404fcbaa54541f06c109df3f",
    "https://esm.sh/v102/@types/react@18.0.26/index.d.ts": "106ed53fde6141e173fc1f1419e619b436b5d8078bb03fba7338d50f6e4c4ce4",
    "https://esm.sh/v102/@types/scheduler@0.16.2/tracing.d.ts": "f5a8b384f182b3851cec3596ccc96cb7464f8d3469f48c74bf2befb782a19de5",
    "https://esm.sh/v102/acorn@8.8.1/deno/acorn.js": "0efcc1fa06085e51ed866de9ff61bb35cf8c3775cfc406660e1446f01af2468c",
    "https://esm.sh/v102/acorn@8.8.1/dist/acorn.d.ts": "0ab93665e8a4579441d8ff90218471dc039591f607ed7a0cc6519bf2ede8c670",
    "https://esm.sh/v102/csstype@3.1.1/index.d.ts": "1c29793071152b207c01ea1954e343be9a44d85234447b2b236acae9e709a383",
    "https://esm.sh/v102/estree-walker@3.0.1/deno/estree-walker.js": "81cbe5f1f4714aaded604074f4d88a08442f6399356435d3689c265dcea42922",
    "https://esm.sh/v102/estree-walker@3.0.1/types/index.d.ts": "f9821486790b51f6c403883a1900674ad07b88c6408060030035562483514c7f",
    "https://esm.sh/v102/is-reference@3.0.0/deno/is-reference.js": "412808bab170e63207627067fe5125039c80fbea2cab83d4dfe36c34b8fbb018",
    "https://esm.sh/v102/magic-string@0.27.0/deno/magic-string.js": "22e9fc610f5f32905ac929420831511a07cdb0c116c2913f35d1620e0edc3d1d",
    "https://esm.sh/v102/magic-string@0.27.0/index.d.ts": "6511a35c6a756bf3fe384aca1312f0753fc366cfe432714c98eb1a5561741ad8",
    "https://esm.sh/v102/periscopic@3.0.4/deno/periscopic.js": "197f6ef4964e92ea93ac6d833e06974dd47a70e34a8c1d3f3530b0acd1715298",
    "https://esm.sh/v102/periscopic@3.0.4/types/index.d.ts": "d061588ff9a0f03a54faaace1d09181a2146761555616c0c360a596c415fd5ee",
    "https://esm.sh/v102/react-dom@18.2.0/deno/server.js": "ba341a4e1e32f3f6403536e1e89d701b7a660e7010983f853158ed08adeab322"
  }
}
